
Microsoft Visual Studio Solution File, Format Version 12.00
# Visual Studio Version 17
VisualStudioVersion = 17.0.31903.59
MinimumVisualStudioVersion = 10.0.40219.1
Project("{2150E333-8FDC-42A3-9474-1A3956D46DE8}") = "src", "src", "{0C58E0AC-7ABC-4E6E-B354-89613C074FE1}"
EndProject
Project("{F2A71F9B-5D33-465A-A702-920D77279786}") = "Jts.Core", "src\Jts.Core\Jts.Core.fsproj", "{A8346522-352D-4267-9C1D-E67AE0A54585}"
EndProject
Project("{FAE04EC0-301F-11D3-BF4B-00C04F79EFBC}") = "Jts.Ide", "src\Jts.Ide\Jts.Ide.csproj", "{998052B5-2AF4-43B9-AD53-6B1EC0255BC7}"
EndProject
Global
	GlobalSection(SolutionConfigurationPlatforms) = preSolution
		Debug|Any CPU = Debug|Any CPU
		Release|Any CPU = Release|Any CPU
	EndGlobalSection
	GlobalSection(SolutionProperties) = preSolution
		HideSolutionNode = FALSE
	EndGlobalSection
	GlobalSection(ProjectConfigurationPlatforms) = postSolution
		{A8346522-352D-4267-9C1D-E67AE0A54585}.Debug|Any CPU.ActiveCfg = Debug|Any CPU
		{A8346522-352D-4267-9C1D-E67AE0A54585}.Debug|Any CPU.Build.0 = Debug|Any CPU
		{A8346522-352D-4267-9C1D-E67AE0A54585}.Release|Any CPU.ActiveCfg = Release|Any CPU
		{A8346522-352D-4267-9C1D-E67AE0A54585}.Release|Any CPU.Build.0 = Release|Any CPU
		{998052B5-2AF4-43B9-AD53-6B1EC0255BC7}.Debug|Any CPU.ActiveCfg = Debug|Any CPU
		{998052B5-2AF4-43B9-AD53-6B1EC0255BC7}.Debug|Any CPU.Build.0 = Debug|Any CPU
		{998052B5-2AF4-43B9-AD53-6B1EC0255BC7}.Release|Any CPU.ActiveCfg = Release|Any CPU
		{998052B5-2AF4-43B9-AD53-6B1EC0255BC7}.Release|Any CPU.Build.0 = Release|Any CPU
	EndGlobalSection
	GlobalSection(NestedProjects) = preSolution
		{A8346522-352D-4267-9C1D-E67AE0A54585} = {0C58E0AC-7ABC-4E6E-B354-89613C074FE1}
		{998052B5-2AF4-43B9-AD53-6B1EC0255BC7} = {0C58E0AC-7ABC-4E6E-B354-89613C074FE1}
	EndGlobalSection
EndGlobal
